
Microsoft Visual Studio Solution File, Format Version 12.00
# Visual Studio 15
VisualStudioVersion = 15.0.27130.2036
MinimumVisualStudioVersion = 10.0.40219.1
Project("{8BC9CEB8-8B4A-11D0-8D11-00A0C91BC942}") = "othelloGirl", "othelloGirl.vcxproj", "{1391BE55-5CF0-4C1E-B168-2DEA0A0D1DE5}"
EndProject
Global
	GlobalSection(SolutionConfigurationPlatforms) = preSolution
		Debug|x64 = Debug|x64
		Debug|x86 = Debug|x86
		Release|x64 = Release|x64
		Release|x86 = Release|x86
	EndGlobalSection
	GlobalSection(ProjectConfigurationPlatforms) = postSolution
		{1391BE55-5CF0-4C1E-B168-2DEA0A0D1DE5}.Debug|x64.ActiveCfg = Debug|x64
		{1391BE55-5CF0-4C1E-B168-2DEA0A0D1DE5}.Debug|x64.Build.0 = Debug|x64
		{1391BE55-5CF0-4C1E-B168-2DEA0A0D1DE5}.Debug|x86.ActiveCfg = Debug|Win32
		{1391BE55-5CF0-4C1E-B168-2DEA0A0D1DE5}.Debug|x86.Build.0 = Debug|Win32
		{1391BE55-5CF0-4C1E-B168-2DEA0A0D1DE5}.Release|x64.ActiveCfg = Release|x64
		{1391BE55-5CF0-4C1E-B168-2DEA0A0D1DE5}.Release|x64.Build.0 = Release|x64
		{1391BE55-5CF0-4C1E-B168-2DEA0A0D1DE5}.Release|x86.ActiveCfg = Release|Win32
		{1391BE55-5CF0-4C1E-B168-2DEA0A0D1DE5}.Release|x86.Build.0 = Release|Win32
	EndGlobalSection
	GlobalSection(SolutionProperties) = preSolution
		HideSolutionNode = FALSE
	EndGlobalSection
	GlobalSection(ExtensibilityGlobals) = postSolution
		SolutionGuid = {019D906D-D54C-4B60-B890-5F8E37EF0BCD}
	EndGlobalSection
EndGlobal
